
Microsoft Visual Studio Solution File, Format Version 12.00
# Visual Studio Version 16
VisualStudioVersion = 16.0.31911.196
MinimumVisualStudioVersion = 10.0.40219.1
Project("{9A19103F-16F7-4668-BE54-9A1E7A4F7556}") = "APlus.Patient.Booking", "APlus.Patient.Booking\APlus.Patient.Booking.csproj", "{6A51584B-25C1-4055-826F-93AC42662F44}"
EndProject
Project("{9A19103F-16F7-4668-BE54-9A1E7A4F7556}") = "APlus.DataAccess", "APlus.DataAccess\APlus.DataAccess.csproj", "{4282D19A-002A-49C1-BA2D-EE5C127011CF}"
EndProject
Project("{9A19103F-16F7-4668-BE54-9A1E7A4F7556}") = "APlus.EmailClient", "EmailClient\APlus.EmailClient.csproj", "{FBCE81AA-1448-4733-BD08-F4C5430116CF}"
EndProject
Global
	GlobalSection(SolutionConfigurationPlatforms) = preSolution
		Debug|Any CPU = Debug|Any CPU
		Release|Any CPU = Release|Any CPU
	EndGlobalSection
	GlobalSection(ProjectConfigurationPlatforms) = postSolution
		{6A51584B-25C1-4055-826F-93AC42662F44}.Debug|Any CPU.ActiveCfg = Debug|Any CPU
		{6A51584B-25C1-4055-826F-93AC42662F44}.Debug|Any CPU.Build.0 = Debug|Any CPU
		{6A51584B-25C1-4055-826F-93AC42662F44}.Release|Any CPU.ActiveCfg = Release|Any CPU
		{6A51584B-25C1-4055-826F-93AC42662F44}.Release|Any CPU.Build.0 = Release|Any CPU
		{4282D19A-002A-49C1-BA2D-EE5C127011CF}.Debug|Any CPU.ActiveCfg = Debug|Any CPU
		{4282D19A-002A-49C1-BA2D-EE5C127011CF}.Debug|Any CPU.Build.0 = Debug|Any CPU
		{4282D19A-002A-49C1-BA2D-EE5C127011CF}.Release|Any CPU.ActiveCfg = Release|Any CPU
		{4282D19A-002A-49C1-BA2D-EE5C127011CF}.Release|Any CPU.Build.0 = Release|Any CPU
		{FBCE81AA-1448-4733-BD08-F4C5430116CF}.Debug|Any CPU.ActiveCfg = Debug|Any CPU
		{FBCE81AA-1448-4733-BD08-F4C5430116CF}.Debug|Any CPU.Build.0 = Debug|Any CPU
		{FBCE81AA-1448-4733-BD08-F4C5430116CF}.Release|Any CPU.ActiveCfg = Release|Any CPU
		{FBCE81AA-1448-4733-BD08-F4C5430116CF}.Release|Any CPU.Build.0 = Release|Any CPU
	EndGlobalSection
	GlobalSection(SolutionProperties) = preSolution
		HideSolutionNode = FALSE
	EndGlobalSection
	GlobalSection(ExtensibilityGlobals) = postSolution
		SolutionGuid = {108532C6-823E-44D6-96CF-4A693A82D7E1}
	EndGlobalSection
EndGlobal
